// !$*UTF8*$!
{
	archiveVersion = 1;
	classes = {
	};
	objectVersion = 51;
	objects = {

/* Begin PBXBuildFile section */
		697751DFFD90845D1E0CA44C /* Pods_Tumblr.framework in Frameworks */ = {isa = PBXBuildFile; fileRef = 0CEE8DB3126DC7AB4D5DBE29 /* Pods_Tumblr.framework */; };
		901638CD23DFA98000FED60A /* AppDelegate.swift in Sources */ = {isa = PBXBuildFile; fileRef = 901638CC23DFA98000FED60A /* AppDelegate.swift */; };
		901638CF23DFA98000FED60A /* SceneDelegate.swift in Sources */ = {isa = PBXBuildFile; fileRef = 901638CE23DFA98000FED60A /* SceneDelegate.swift */; };
		901638D423DFA98000FED60A /* Main.storyboard in Resources */ = {isa = PBXBuildFile; fileRef = 901638D223DFA98000FED60A /* Main.storyboard */; };
		901638D623DFA98300FED60A /* Assets.xcassets in Resources */ = {isa = PBXBuildFile; fileRef = 901638D523DFA98300FED60A /* Assets.xcassets */; };
		901638D923DFA98300FED60A /* LaunchScreen.storyboard in Resources */ = {isa = PBXBuildFile; fileRef = 901638D723DFA98300FED60A /* LaunchScreen.storyboard */; };
		901638E423DFA98300FED60A /* TumblrTests.swift in Sources */ = {isa = PBXBuildFile; fileRef = 901638E323DFA98300FED60A /* TumblrTests.swift */; };
		901638EF23DFA98300FED60A /* TumblrUITests.swift in Sources */ = {isa = PBXBuildFile; fileRef = 901638EE23DFA98300FED60A /* TumblrUITests.swift */; };
		901638FF23DFAFC300FED60A /* PhotosViewController.swift in Sources */ = {isa = PBXBuildFile; fileRef = 901638FE23DFAFC300FED60A /* PhotosViewController.swift */; };
		9016390123DFB22100FED60A /* PhotoCell.swift in Sources */ = {isa = PBXBuildFile; fileRef = 9016390023DFB22100FED60A /* PhotoCell.swift */; };
		90FD0D5323E25336008CEAA1 /* PhotoDetailsViewController.swift in Sources */ = {isa = PBXBuildFile; fileRef = 90FD0D5223E25336008CEAA1 /* PhotoDetailsViewController.swift */; };
		ACD0F4295373342CC8015331 /* Pods_Tumblr_TumblrUITests.framework in Frameworks */ = {isa = PBXBuildFile; fileRef = 531123441C021D7BCC220BEC /* Pods_Tumblr_TumblrUITests.framework */; };
		CFB3A421807A682068B57176 /* Pods_TumblrTests.framework in Frameworks */ = {isa = PBXBuildFile; fileRef = 48C8FDFD7536D25B15251E28 /* Pods_TumblrTests.framework */; };
/* End PBXBuildFile section */

/* Begin PBXContainerItemProxy section */
		901638E023DFA98300FED60A /* PBXContainerItemProxy */ = {
			isa = PBXContainerItemProxy;
			containerPortal = 901638C123DFA98000FED60A /* Project object */;
			proxyType = 1;
			remoteGlobalIDString = 901638C823DFA98000FED60A;
			remoteInfo = Tumblr;
		};
		901638EB23DFA98300FED60A /* PBXContainerItemProxy */ = {
			isa = PBXContainerItemProxy;
			containerPortal = 901638C123DFA98000FED60A /* Project object */;
			proxyType = 1;
			remoteGlobalIDString = 901638C823DFA98000FED60A;
			remoteInfo = Tumblr;
		};
/* End PBXContainerItemProxy section */

/* Begin PBXFileReference section */
		034C04F448916CFF8C9AD787 /* Pods-Tumblr.release.xcconfig */ = {isa = PBXFileReference; includeInIndex = 1; lastKnownFileType = text.xcconfig; name = "Pods-Tumblr.release.xcconfig"; path = "Target Support Files/Pods-Tumblr/Pods-Tumblr.release.xcconfig"; sourceTree = "<group>"; };
		0CEE8DB3126DC7AB4D5DBE29 /* Pods_Tumblr.framework */ = {isa = PBXFileReference; explicitFileType = wrapper.framework; includeInIndex = 0; path = Pods_Tumblr.framework; sourceTree = BUILT_PRODUCTS_DIR; };
		48C8FDFD7536D25B15251E28 /* Pods_TumblrTests.framework */ = {isa = PBXFileReference; explicitFileType = wrapper.framework; includeInIndex = 0; path = Pods_TumblrTests.framework; sourceTree = BUILT_PRODUCTS_DIR; };
		508123BF6D9C8409A65D6AEF /* Pods-TumblrTests.release.xcconfig */ = {isa = PBXFileReference; includeInIndex = 1; lastKnownFileType = text.xcconfig; name = "Pods-TumblrTests.release.xcconfig"; path = "Target Support Files/Pods-TumblrTests/Pods-TumblrTests.release.xcconfig"; sourceTree = "<group>"; };
		531123441C021D7BCC220BEC /* Pods_Tumblr_TumblrUITests.framework */ = {isa = PBXFileReference; explicitFileType = wrapper.framework; includeInIndex = 0; path = Pods_Tumblr_TumblrUITests.framework; sourceTree = BUILT_PRODUCTS_DIR; };
		901638C923DFA98000FED60A /* Tumblr.app */ = {isa = PBXFileReference; explicitFileType = wrapper.application; includeInIndex = 0; path = Tumblr.app; sourceTree = BUILT_PRODUCTS_DIR; };
		901638CC23DFA98000FED60A /* AppDelegate.swift */ = {isa = PBXFileReference; lastKnownFileType = sourcecode.swift; path = AppDelegate.swift; sourceTree = "<group>"; };
		901638CE23DFA98000FED60A /* SceneDelegate.swift */ = {isa = PBXFileReference; lastKnownFileType = sourcecode.swift; path = SceneDelegate.swift; sourceTree = "<group>"; };
		901638D323DFA98000FED60A /* Base */ = {isa = PBXFileReference; lastKnownFileType = file.storyboard; name = Base; path = Base.lproj/Main.storyboard; sourceTree = "<group>"; };
		901638D523DFA98300FED60A /* Assets.xcassets */ = {isa = PBXFileReference; lastKnownFileType = folder.assetcatalog; path = Assets.xcassets; sourceTree = "<group>"; };
		901638D823DFA98300FED60A /* Base */ = {isa = PBXFileReference; lastKnownFileType = file.storyboard; name = Base; path = Base.lproj/LaunchScreen.storyboard; sourceTree = "<group>"; };
		901638DA23DFA98300FED60A /* Info.plist */ = {isa = PBXFileReference; lastKnownFileType = text.plist.xml; path = Info.plist; sourceTree = "<group>"; };
		901638DF23DFA98300FED60A /* TumblrTests.xctest */ = {isa = PBXFileReference; explicitFileType = wrapper.cfbundle; includeInIndex = 0; path = TumblrTests.xctest; sourceTree = BUILT_PRODUCTS_DIR; };
		901638E323DFA98300FED60A /* TumblrTests.swift */ = {isa = PBXFileReference; lastKnownFileType = sourcecode.swift; path = TumblrTests.swift; sourceTree = "<group>"; };
		901638E523DFA98300FED60A /* Info.plist */ = {isa = PBXFileReference; lastKnownFileType = text.plist.xml; path = Info.plist; sourceTree = "<group>"; };
		901638EA23DFA98300FED60A /* TumblrUITests.xctest */ = {isa = PBXFileReference; explicitFileType = wrapper.cfbundle; includeInIndex = 0; path = TumblrUITests.xctest; sourceTree = BUILT_PRODUCTS_DIR; };
		901638EE23DFA98300FED60A /* TumblrUITests.swift */ = {isa = PBXFileReference; lastKnownFileType = sourcecode.swift; path = TumblrUITests.swift; sourceTree = "<group>"; };
		901638F023DFA98300FED60A /* Info.plist */ = {isa = PBXFileReference; lastKnownFileType = text.plist.xml; path = Info.plist; sourceTree = "<group>"; };
		901638FE23DFAFC300FED60A /* PhotosViewController.swift */ = {isa = PBXFileReference; lastKnownFileType = sourcecode.swift; path = PhotosViewController.swift; sourceTree = "<group>"; };
		9016390023DFB22100FED60A /* PhotoCell.swift */ = {isa = PBXFileReference; lastKnownFileType = sourcecode.swift; path = PhotoCell.swift; sourceTree = "<group>"; };
		90FD0D5223E25336008CEAA1 /* PhotoDetailsViewController.swift */ = {isa = PBXFileReference; lastKnownFileType = sourcecode.swift; path = PhotoDetailsViewController.swift; sourceTree = "<group>"; };
		A60E999C7A60B6E647992025 /* Pods-Tumblr-TumblrUITests.debug.xcconfig */ = {isa = PBXFileReference; includeInIndex = 1; lastKnownFileType = text.xcconfig; name = "Pods-Tumblr-TumblrUITests.debug.xcconfig"; path = "Target Support Files/Pods-Tumblr-TumblrUITests/Pods-Tumblr-TumblrUITests.debug.xcconfig"; sourceTree = "<group>"; };
		B989DBCA812D1CE968527D53 /* Pods-TumblrTests.debug.xcconfig */ = {isa = PBXFileReference; includeInIndex = 1; lastKnownFileType = text.xcconfig; name = "Pods-TumblrTests.debug.xcconfig"; path = "Target Support Files/Pods-TumblrTests/Pods-TumblrTests.debug.xcconfig"; sourceTree = "<group>"; };
		C288A1DAC92AA76195D797D3 /* Pods-Tumblr.debug.xcconfig */ = {isa = PBXFileReference; includeInIndex = 1; lastKnownFileType = text.xcconfig; name = "Pods-Tumblr.debug.xcconfig"; path = "Target Support Files/Pods-Tumblr/Pods-Tumblr.debug.xcconfig"; sourceTree = "<group>"; };
		E92FC5574FDD90002C1C730D /* Pods-Tumblr-TumblrUITests.release.xcconfig */ = {isa = PBXFileReference; includeInIndex = 1; lastKnownFileType = text.xcconfig; name = "Pods-Tumblr-TumblrUITests.release.xcconfig"; path = "Target Support Files/Pods-Tumblr-TumblrUITests/Pods-Tumblr-TumblrUITests.release.xcconfig"; sourceTree = "<group>"; };
/* End PBXFileReference section */

/* Begin PBXFrameworksBuildPhase section */
		901638C623DFA98000FED60A /* Frameworks */ = {
			isa = PBXFrameworksBuildPhase;
			buildActionMask = 2147483647;
			files = (
				697751DFFD90845D1E0CA44C /* Pods_Tumblr.framework in Frameworks */,
			);
			runOnlyForDeploymentPostprocessing = 0;
		};
		901638DC23DFA98300FED60A /* Frameworks */ = {
			isa = PBXFrameworksBuildPhase;
			buildActionMask = 2147483647;
			files = (
				CFB3A421807A682068B57176 /* Pods_TumblrTests.framework in Frameworks */,
			);
			runOnlyForDeploymentPostprocessing = 0;
		};
		901638E723DFA98300FED60A /* Frameworks */ = {
			isa = PBXFrameworksBuildPhase;
			buildActionMask = 2147483647;
			files = (
				ACD0F4295373342CC8015331 /* Pods_Tumblr_TumblrUITests.framework in Frameworks */,
			);
			runOnlyForDeploymentPostprocessing = 0;
		};
/* End PBXFrameworksBuildPhase section */

/* Begin PBXGroup section */
		5376C54BF16DB33C79B48501 /* Frameworks */ = {
			isa = PBXGroup;
			children = (
				0CEE8DB3126DC7AB4D5DBE29 /* Pods_Tumblr.framework */,
				531123441C021D7BCC220BEC /* Pods_Tumblr_TumblrUITests.framework */,
				48C8FDFD7536D25B15251E28 /* Pods_TumblrTests.framework */,
			);
			name = Frameworks;
			sourceTree = "<group>";
		};
		761DA0BF9D8BD34AEC308E4D /* Pods */ = {
			isa = PBXGroup;
			children = (
				C288A1DAC92AA76195D797D3 /* Pods-Tumblr.debug.xcconfig */,
				034C04F448916CFF8C9AD787 /* Pods-Tumblr.release.xcconfig */,
				A60E999C7A60B6E647992025 /* Pods-Tumblr-TumblrUITests.debug.xcconfig */,
				E92FC5574FDD90002C1C730D /* Pods-Tumblr-TumblrUITests.release.xcconfig */,
				B989DBCA812D1CE968527D53 /* Pods-TumblrTests.debug.xcconfig */,
				508123BF6D9C8409A65D6AEF /* Pods-TumblrTests.release.xcconfig */,
			);
			path = Pods;
			sourceTree = "<group>";
		};
		901638C023DFA98000FED60A = {
			isa = PBXGroup;
			children = (
				901638CB23DFA98000FED60A /* Tumblr */,
				901638E223DFA98300FED60A /* TumblrTests */,
				901638ED23DFA98300FED60A /* TumblrUITests */,
				901638CA23DFA98000FED60A /* Products */,
				761DA0BF9D8BD34AEC308E4D /* Pods */,
				5376C54BF16DB33C79B48501 /* Frameworks */,
			);
			sourceTree = "<group>";
		};
		901638CA23DFA98000FED60A /* Products */ = {
			isa = PBXGroup;
			children = (
				901638C923DFA98000FED60A /* Tumblr.app */,
				901638DF23DFA98300FED60A /* TumblrTests.xctest */,
				901638EA23DFA98300FED60A /* TumblrUITests.xctest */,
			);
			name = Products;
			sourceTree = "<group>";
		};
		901638CB23DFA98000FED60A /* Tumblr */ = {
			isa = PBXGroup;
			children = (
				9016390023DFB22100FED60A /* PhotoCell.swift */,
				901638FE23DFAFC300FED60A /* PhotosViewController.swift */,
				901638CC23DFA98000FED60A /* AppDelegate.swift */,
				901638CE23DFA98000FED60A /* SceneDelegate.swift */,
				901638D223DFA98000FED60A /* Main.storyboard */,
				90FD0D5223E25336008CEAA1 /* PhotoDetailsViewController.swift */,
				901638D523DFA98300FED60A /* Assets.xcassets */,
				901638D723DFA98300FED60A /* LaunchScreen.storyboard */,
				901638DA23DFA98300FED60A /* Info.plist */,
			);
			path = Tumblr;
			sourceTree = "<group>";
		};
		901638E223DFA98300FED60A /* TumblrTests */ = {
			isa = PBXGroup;
			children = (
				901638E323DFA98300FED60A /* TumblrTests.swift */,
				901638E523DFA98300FED60A /* Info.plist */,
			);
			path = TumblrTests;
			sourceTree = "<group>";
		};
		901638ED23DFA98300FED60A /* TumblrUITests */ = {
			isa = PBXGroup;
			children = (
				901638EE23DFA98300FED60A /* TumblrUITests.swift */,
				901638F023DFA98300FED60A /* Info.plist */,
			);
			path = TumblrUITests;
			sourceTree = "<group>";
		};
/* End PBXGroup section */

/* Begin PBXNativeTarget section */
		901638C823DFA98000FED60A /* Tumblr */ = {
			isa = PBXNativeTarget;
			buildConfigurationList = 901638F323DFA98300FED60A /* Build configuration list for PBXNativeTarget "Tumblr" */;
			buildPhases = (
				EF2277B312402E7D4F6A41CB /* [CP] Check Pods Manifest.lock */,
				901638C523DFA98000FED60A /* Sources */,
				901638C623DFA98000FED60A /* Frameworks */,
				901638C723DFA98000FED60A /* Resources */,
				EEBD2D4A9142D9CCC5C99ECD /* [CP] Embed Pods Frameworks */,
			);
			buildRules = (
			);
			dependencies = (
			);
			name = Tumblr;
			productName = Tumblr;
			productReference = 901638C923DFA98000FED60A /* Tumblr.app */;
			productType = "com.apple.product-type.application";
		};
		901638DE23DFA98300FED60A /* TumblrTests */ = {
			isa = PBXNativeTarget;
			buildConfigurationList = 901638F623DFA98300FED60A /* Build configuration list for PBXNativeTarget "TumblrTests" */;
			buildPhases = (
				4C207B41E59E3CBDEEF83DBC /* [CP] Check Pods Manifest.lock */,
				901638DB23DFA98300FED60A /* Sources */,
				901638DC23DFA98300FED60A /* Frameworks */,
				901638DD23DFA98300FED60A /* Resources */,
			);
			buildRules = (
			);
			dependencies = (
				901638E123DFA98300FED60A /* PBXTargetDependency */,
			);
			name = TumblrTests;
			productName = TumblrTests;
			productReference = 901638DF23DFA98300FED60A /* TumblrTests.xctest */;
			productType = "com.apple.product-type.bundle.unit-test";
		};
		901638E923DFA98300FED60A /* TumblrUITests */ = {
			isa = PBXNativeTarget;
			buildConfigurationList = 901638F923DFA98300FED60A /* Build configuration list for PBXNativeTarget "TumblrUITests" */;
			buildPhases = (
				31572C884AD74EFC3281FC61 /* [CP] Check Pods Manifest.lock */,
				901638E623DFA98300FED60A /* Sources */,
				901638E723DFA98300FED60A /* Frameworks */,
				901638E823DFA98300FED60A /* Resources */,
				914F34E8E58CA3FD3B54E679 /* [CP] Embed Pods Frameworks */,
			);
			buildRules = (
			);
			dependencies = (
				901638EC23DFA98300FED60A /* PBXTargetDependency */,
			);
			name = TumblrUITests;
			productName = TumblrUITests;
			productReference = 901638EA23DFA98300FED60A /* TumblrUITests.xctest */;
			productType = "com.apple.product-type.bundle.ui-testing";
		};
/* End PBXNativeTarget section */

/* Begin PBXProject section */
		901638C123DFA98000FED60A /* Project object */ = {
			isa = PBXProject;
			attributes = {
				LastSwiftUpdateCheck = 1130;
				LastUpgradeCheck = 1130;
				ORGANIZATIONNAME = codepath;
				TargetAttributes = {
					901638C823DFA98000FED60A = {
						CreatedOnToolsVersion = 11.3.1;
					};
					901638DE23DFA98300FED60A = {
						CreatedOnToolsVersion = 11.3.1;
						TestTargetID = 901638C823DFA98000FED60A;
					};
					901638E923DFA98300FED60A = {
						CreatedOnToolsVersion = 11.3.1;
						TestTargetID = 901638C823DFA98000FED60A;
					};
				};
			};
			buildConfigurationList = 901638C423DFA98000FED60A /* Build configuration list for PBXProject "Tumblr" */;
			compatibilityVersion = "Xcode 9.3";
			developmentRegion = en;
			hasScannedForEncodings = 0;
			knownRegions = (
				en,
				Base,
			);
			mainGroup = 901638C023DFA98000FED60A;
			productRefGroup = 901638CA23DFA98000FED60A /* Products */;
			projectDirPath = "";
			projectRoot = "";
			targets = (
				901638C823DFA98000FED60A /* Tumblr */,
				901638DE23DFA98300FED60A /* TumblrTests */,
				901638E923DFA98300FED60A /* TumblrUITests */,
			);
		};
/* End PBXProject section */

/* Begin PBXResourcesBuildPhase section */
		901638C723DFA98000FED60A /* Resources */ = {
			isa = PBXResourcesBuildPhase;
			buildActionMask = 2147483647;
			files = (
				901638D923DFA98300FED60A /* LaunchScreen.storyboard in Resources */,
				901638D623DFA98300FED60A /* Assets.xcassets in Resources */,
				901638D423DFA98000FED60A /* Main.storyboard in Resources */,
			);
			runOnlyForDeploymentPostprocessing = 0;
		};
		901638DD23DFA98300FED60A /* Resources */ = {
			isa = PBXResourcesBuildPhase;
			buildActionMask = 2147483647;
			files = (
			);
			runOnlyForDeploymentPostprocessing = 0;
		};
		901638E823DFA98300FED60A /* Resources */ = {
			isa = PBXResourcesBuildPhase;
			buildActionMask = 2147483647;
			files = (
			);
			runOnlyForDeploymentPostprocessing = 0;
		};
/* End PBXResourcesBuildPhase section */

/* Begin PBXShellScriptBuildPhase section */
		31572C884AD74EFC3281FC61 /* [CP] Check Pods Manifest.lock */ = {
			isa = PBXShellScriptBuildPhase;
			buildActionMask = 2147483647;
			files = (
			);
			inputFileListPaths = (
			);
			inputPaths = (
				"${PODS_PODFILE_DIR_PATH}/Podfile.lock",
				"${PODS_ROOT}/Manifest.lock",
			);
			name = "[CP] Check Pods Manifest.lock";
			outputFileListPaths = (
			);
			outputPaths = (
				"$(DERIVED_FILE_DIR)/Pods-Tumblr-TumblrUITests-checkManifestLockResult.txt",
			);
			runOnlyForDeploymentPostprocessing = 0;
			shellPath = /bin/sh;
			shellScript = "diff \"${PODS_PODFILE_DIR_PATH}/Podfile.lock\" \"${PODS_ROOT}/Manifest.lock\" > /dev/null\nif [ $? != 0 ] ; then\n    # print error to STDERR\n    echo \"error: The sandbox is not in sync with the Podfile.lock. Run 'pod install' or update your CocoaPods installation.\" >&2\n    exit 1\nfi\n# This output is used by Xcode 'outputs' to avoid re-running this script phase.\necho \"SUCCESS\" > \"${SCRIPT_OUTPUT_FILE_0}\"\n";
			showEnvVarsInLog = 0;
		};
		4C207B41E59E3CBDEEF83DBC /* [CP] Check Pods Manifest.lock */ = {
			isa = PBXShellScriptBuildPhase;
			buildActionMask = 2147483647;
			files = (
			);
			inputFileListPaths = (
			);
			inputPaths = (
				"${PODS_PODFILE_DIR_PATH}/Podfile.lock",
				"${PODS_ROOT}/Manifest.lock",
			);
			name = "[CP] Check Pods Manifest.lock";
			outputFileListPaths = (
			);
			outputPaths = (
				"$(DERIVED_FILE_DIR)/Pods-TumblrTests-checkManifestLockResult.txt",
			);
			runOnlyForDeploymentPostprocessing = 0;
			shellPath = /bin/sh;
			shellScript = "diff \"${PODS_PODFILE_DIR_PATH}/Podfile.lock\" \"${PODS_ROOT}/Manifest.lock\" > /dev/null\nif [ $? != 0 ] ; then\n    # print error to STDERR\n    echo \"error: The sandbox is not in sync with the Podfile.lock. Run 'pod install' or update your CocoaPods installation.\" >&2\n    exit 1\nfi\n# This output is used by Xcode 'outputs' to avoid re-running this script phase.\necho \"SUCCESS\" > \"${SCRIPT_OUTPUT_FILE_0}\"\n";
			showEnvVarsInLog = 0;
		};
		914F34E8E58CA3FD3B54E679 /* [CP] Embed Pods Frameworks */ = {
			isa = PBXShellScriptBuildPhase;
			buildActionMask = 2147483647;
			files = (
			);
			inputFileListPaths = (
				"${PODS_ROOT}/Target Support Files/Pods-Tumblr-TumblrUITests/Pods-Tumblr-TumblrUITests-frameworks-${CONFIGURATION}-input-files.xcfilelist",
			);
			name = "[CP] Embed Pods Frameworks";
			outputFileListPaths = (
				"${PODS_ROOT}/Target Support Files/Pods-Tumblr-TumblrUITests/Pods-Tumblr-TumblrUITests-frameworks-${CONFIGURATION}-output-files.xcfilelist",
			);
			runOnlyForDeploymentPostprocessing = 0;
			shellPath = /bin/sh;
			shellScript = "\"${PODS_ROOT}/Target Support Files/Pods-Tumblr-TumblrUITests/Pods-Tumblr-TumblrUITests-frameworks.sh\"\n";
			showEnvVarsInLog = 0;
		};
		EEBD2D4A9142D9CCC5C99ECD /* [CP] Embed Pods Frameworks */ = {
			isa = PBXShellScriptBuildPhase;
			buildActionMask = 2147483647;
			files = (
			);
			inputFileListPaths = (
				"${PODS_ROOT}/Target Support Files/Pods-Tumblr/Pods-Tumblr-frameworks-${CONFIGURATION}-input-files.xcfilelist",
			);
			name = "[CP] Embed Pods Frameworks";
			outputFileListPaths = (
				"${PODS_ROOT}/Target Support Files/Pods-Tumblr/Pods-Tumblr-frameworks-${CONFIGURATION}-output-files.xcfilelist",
			);
			runOnlyForDeploymentPostprocessing = 0;
			shellPath = /bin/sh;
			shellScript = "\"${PODS_ROOT}/Target Support Files/Pods-Tumblr/Pods-Tumblr-frameworks.sh\"\n";
			showEnvVarsInLog = 0;
		};
		EF2277B312402E7D4F6A41CB /* [CP] Check Pods Manifest.lock */ = {
			isa = PBXShellScriptBuildPhase;
			buildActionMask = 2147483647;
			files = (
			);
			inputFileListPaths = (
			);
			inputPaths = (
				"${PODS_PODFILE_DIR_PATH}/Podfile.lock",
				"${PODS_ROOT}/Manifest.lock",
			);
			name = "[CP] Check Pods Manifest.lock";
			outputFileListPaths = (
			);
			outputPaths = (
				"$(DERIVED_FILE_DIR)/Pods-Tumblr-checkManifestLockResult.txt",
			);
			runOnlyForDeploymentPostprocessing = 0;
			shellPath = /bin/sh;
			shellScript = "diff \"${PODS_PODFILE_DIR_PATH}/Podfile.lock\" \"${PODS_ROOT}/Manifest.lock\" > /dev/null\nif [ $? != 0 ] ; then\n    # print error to STDERR\n    echo \"error: The sandbox is not in sync with the Podfile.lock. Run 'pod install' or update your CocoaPods installation.\" >&2\n    exit 1\nfi\n# This output is used by Xcode 'outputs' to avoid re-running this script phase.\necho \"SUCCESS\" > \"${SCRIPT_OUTPUT_FILE_0}\"\n";
			showEnvVarsInLog = 0;
		};
/* End PBXShellScriptBuildPhase section */

/* Begin PBXSourcesBuildPhase section */
		901638C523DFA98000FED60A /* Sources */ = {
			isa = PBXSourcesBuildPhase;
			buildActionMask = 2147483647;
			files = (
				9016390123DFB22100FED60A /* PhotoCell.swift in Sources */,
				90FD0D5323E25336008CEAA1 /* PhotoDetailsViewController.swift in Sources */,
				901638FF23DFAFC300FED60A /* PhotosViewController.swift in Sources */,
				901638CD23DFA98000FED60A /* AppDelegate.swift in Sources */,
				901638CF23DFA98000FED60A /* SceneDelegate.swift in Sources */,
			);
			runOnlyForDeploymentPostprocessing = 0;
		};
		901638DB23DFA98300FED60A /* Sources */ = {
			isa = PBXSourcesBuildPhase;
			buildActionMask = 2147483647;
			files = (
				901638E423DFA98300FED60A /* TumblrTests.swift in Sources */,
			);
			runOnlyForDeploymentPostprocessing = 0;
		};
		901638E623DFA98300FED60A /* Sources */ = {
			isa = PBXSourcesBuildPhase;
			buildActionMask = 2147483647;
			files = (
				901638EF23DFA98300FED60A /* TumblrUITests.swift in Sources */,
			);
			runOnlyForDeploymentPostprocessing = 0;
		};
/* End PBXSourcesBuildPhase section */

/* Begin PBXTargetDependency section */
		901638E123DFA98300FED60A /* PBXTargetDependency */ = {
			isa = PBXTargetDependency;
			target = 901638C823DFA98000FED60A /* Tumblr */;
			targetProxy = 901638E023DFA98300FED60A /* PBXContainerItemProxy */;
		};
		901638EC23DFA98300FED60A /* PBXTargetDependency */ = {
			isa = PBXTargetDependency;
			target = 901638C823DFA98000FED60A /* Tumblr */;
			targetProxy = 901638EB23DFA98300FED60A /* PBXContainerItemProxy */;
		};
/* End PBXTargetDependency section */

/* Begin PBXVariantGroup section */
		901638D223DFA98000FED60A /* Main.storyboard */ = {
			isa = PBXVariantGroup;
			children = (
				901638D323DFA98000FED60A /* Base */,
			);
			name = Main.storyboard;
			sourceTree = "<group>";
		};
		901638D723DFA98300FED60A /* LaunchScreen.storyboard */ = {
			isa = PBXVariantGroup;
			children = (
				901638D823DFA98300FED60A /* Base */,
			);
			name = LaunchScreen.storyboard;
			sourceTree = "<group>";
		};
/* End PBXVariantGroup section */

/* Begin XCBuildConfiguration section */
		901638F123DFA98300FED60A /* Debug */ = {
			isa = XCBuildConfiguration;
			buildSettings = {
				ALWAYS_SEARCH_USER_PATHS = NO;
				CLANG_ANALYZER_NONNULL = YES;
				CLANG_ANALYZER_NUMBER_OBJECT_CONVERSION = YES_AGGRESSIVE;
				CLANG_CXX_LANGUAGE_STANDARD = "gnu++14";
				CLANG_CXX_LIBRARY = "libc++";
				CLANG_ENABLE_MODULES = YES;
				CLANG_ENABLE_OBJC_ARC = YES;
				CLANG_ENABLE_OBJC_WEAK = YES;
				CLANG_WARN_BLOCK_CAPTURE_AUTORELEASING = YES;
				CLANG_WARN_BOOL_CONVERSION = YES;
				CLANG_WARN_COMMA = YES;
				CLANG_WARN_CONSTANT_CONVERSION = YES;
				CLANG_WARN_DEPRECATED_OBJC_IMPLEMENTATIONS = YES;
				CLANG_WARN_DIRECT_OBJC_ISA_USAGE = YES_ERROR;
				CLANG_WARN_DOCUMENTATION_COMMENTS = YES;
				CLANG_WARN_EMPTY_BODY = YES;
				CLANG_WARN_ENUM_CONVERSION = YES;
				CLANG_WARN_INFINITE_RECURSION = YES;
				CLANG_WARN_INT_CONVERSION = YES;
				CLANG_WARN_NON_LITERAL_NULL_CONVERSION = YES;
				CLANG_WARN_OBJC_IMPLICIT_RETAIN_SELF = YES;
				CLANG_WARN_OBJC_LITERAL_CONVERSION = YES;
				CLANG_WARN_OBJC_ROOT_CLASS = YES_ERROR;
				CLANG_WARN_RANGE_LOOP_ANALYSIS = YES;
				CLANG_WARN_STRICT_PROTOTYPES = YES;
				CLANG_WARN_SUSPICIOUS_MOVE = YES;
				CLANG_WARN_UNGUARDED_AVAILABILITY = YES_AGGRESSIVE;
				CLANG_WARN_UNREACHABLE_CODE = YES;
				CLANG_WARN__DUPLICATE_METHOD_MATCH = YES;
				COPY_PHASE_STRIP = NO;
				DEBUG_INFORMATION_FORMAT = dwarf;
				ENABLE_STRICT_OBJC_MSGSEND = YES;
				ENABLE_TESTABILITY = YES;
				GCC_C_LANGUAGE_STANDARD = gnu11;
				GCC_DYNAMIC_NO_PIC = NO;
				GCC_NO_COMMON_BLOCKS = YES;
				GCC_OPTIMIZATION_LEVEL = 0;
				GCC_PREPROCESSOR_DEFINITIONS = (
					"DEBUG=1",
					"$(inherited)",
				);
				GCC_WARN_64_TO_32_BIT_CONVERSION = YES;
				GCC_WARN_ABOUT_RETURN_TYPE = YES_ERROR;
				GCC_WARN_UNDECLARED_SELECTOR = YES;
				GCC_WARN_UNINITIALIZED_AUTOS = YES_AGGRESSIVE;
				GCC_WARN_UNUSED_FUNCTION = YES;
				GCC_WARN_UNUSED_VARIABLE = YES;
				IPHONEOS_DEPLOYMENT_TARGET = 13.2;
				MTL_ENABLE_DEBUG_INFO = INCLUDE_SOURCE;
				MTL_FAST_MATH = YES;
				ONLY_ACTIVE_ARCH = YES;
				SDKROOT = iphoneos;
				SWIFT_ACTIVE_COMPILATION_CONDITIONS = DEBUG;
				SWIFT_OPTIMIZATION_LEVEL = "-Onone";
			};
			name = Debug;
		};
		901638F223DFA98300FED60A /* Release */ = {
			isa = XCBuildConfiguration;
			buildSettings = {
				ALWAYS_SEARCH_USER_PATHS = NO;
				CLANG_ANALYZER_NONNULL = YES;
				CLANG_ANALYZER_NUMBER_OBJECT_CONVERSION = YES_AGGRESSIVE;
				CLANG_CXX_LANGUAGE_STANDARD = "gnu++14";
				CLANG_CXX_LIBRARY = "libc++";
				CLANG_ENABLE_MODULES = YES;
				CLANG_ENABLE_OBJC_ARC = YES;
				CLANG_ENABLE_OBJC_WEAK = YES;
				CLANG_WARN_BLOCK_CAPTURE_AUTORELEASING = YES;
				CLANG_WARN_BOOL_CONVERSION = YES;
				CLANG_WARN_COMMA = YES;
				CLANG_WARN_CONSTANT_CONVERSION = YES;
				CLANG_WARN_DEPRECATED_OBJC_IMPLEMENTATIONS = YES;
				CLANG_WARN_DIRECT_OBJC_ISA_USAGE = YES_ERROR;
				CLANG_WARN_DOCUMENTATION_COMMENTS = YES;
				CLANG_WARN_EMPTY_BODY = YES;
				CLANG_WARN_ENUM_CONVERSION = YES;
				CLANG_WARN_INFINITE_RECURSION = YES;
				CLANG_WARN_INT_CONVERSION = YES;
				CLANG_WARN_NON_LITERAL_NULL_CONVERSION = YES;
				CLANG_WARN_OBJC_IMPLICIT_RETAIN_SELF = YES;
				CLANG_WARN_OBJC_LITERAL_CONVERSION = YES;
				CLANG_WARN_OBJC_ROOT_CLASS = YES_ERROR;
				CLANG_WARN_RANGE_LOOP_ANALYSIS = YES;
				CLANG_WARN_STRICT_PROTOTYPES = YES;
				CLANG_WARN_SUSPICIOUS_MOVE = YES;
				CLANG_WARN_UNGUARDED_AVAILABILITY = YES_AGGRESSIVE;
				CLANG_WARN_UNREACHABLE_CODE = YES;
				CLANG_WARN__DUPLICATE_METHOD_MATCH = YES;
				COPY_PHASE_STRIP = NO;
				DEBUG_INFORMATION_FORMAT = "dwarf-with-dsym";
				ENABLE_NS_ASSERTIONS = NO;
				ENABLE_STRICT_OBJC_MSGSEND = YES;
				GCC_C_LANGUAGE_STANDARD = gnu11;
				GCC_NO_COMMON_BLOCKS = YES;
				GCC_WARN_64_TO_32_BIT_CONVERSION = YES;
				GCC_WARN_ABOUT_RETURN_TYPE = YES_ERROR;
				GCC_WARN_UNDECLARED_SELECTOR = YES;
				GCC_WARN_UNINITIALIZED_AUTOS = YES_AGGRESSIVE;
				GCC_WARN_UNUSED_FUNCTION = YES;
				GCC_WARN_UNUSED_VARIABLE = YES;
				IPHONEOS_DEPLOYMENT_TARGET = 13.2;
				MTL_ENABLE_DEBUG_INFO = NO;
				MTL_FAST_MATH = YES;
				SDKROOT = iphoneos;
				SWIFT_COMPILATION_MODE = wholemodule;
				SWIFT_OPTIMIZATION_LEVEL = "-O";
				VALIDATE_PRODUCT = YES;
			};
			name = Release;
		};
		901638F423DFA98300FED60A /* Debug */ = {
			isa = XCBuildConfiguration;
			baseConfigurationReference = C288A1DAC92AA76195D797D3 /* Pods-Tumblr.debug.xcconfig */;
			buildSettings = {
				ASSETCATALOG_COMPILER_APPICON_NAME = AppIcon;
				CODE_SIGN_STYLE = Automatic;
				DEVELOPMENT_TEAM = 34ZF7PZU7N;
				INFOPLIST_FILE = Tumblr/Info.plist;
				LD_RUNPATH_SEARCH_PATHS = (
					"$(inherited)",
					"@executable_path/Frameworks",
				);
				PRODUCT_BUNDLE_IDENTIFIER = com.codepath.Tumblr;
				PRODUCT_NAME = "$(TARGET_NAME)";
				SWIFT_VERSION = 5.0;
				TARGETED_DEVICE_FAMILY = "1,2";
			};
			name = Debug;
		};
		901638F523DFA98300FED60A /* Release */ = {
			isa = XCBuildConfiguration;
			baseConfigurationReference = 034C04F448916CFF8C9AD787 /* Pods-Tumblr.release.xcconfig */;
			buildSettings = {
				ASSETCATALOG_COMPILER_APPICON_NAME = AppIcon;
				CODE_SIGN_STYLE = Automatic;
				DEVELOPMENT_TEAM = 34ZF7PZU7N;
				INFOPLIST_FILE = Tumblr/Info.plist;
				LD_RUNPATH_SEARCH_PATHS = (
					"$(inherited)",
					"@executable_path/Frameworks",
				);
				PRODUCT_BUNDLE_IDENTIFIER = com.codepath.Tumblr;
				PRODUCT_NAME = "$(TARGET_NAME)";
				SWIFT_VERSION = 5.0;
				TARGETED_DEVICE_FAMILY = "1,2";
			};
			name = Release;
		};
		901638F723DFA98300FED60A /* Debug */ = {
			isa = XCBuildConfiguration;
			baseConfigurationReference = B989DBCA812D1CE968527D53 /* Pods-TumblrTests.debug.xcconfig */;
			buildSettings = {
				ALWAYS_EMBED_SWIFT_STANDARD_LIBRARIES = YES;
				BUNDLE_LOADER = "$(TEST_HOST)";
				CODE_SIGN_STYLE = Automatic;
				DEVELOPMENT_TEAM = 34ZF7PZU7N;
				INFOPLIST_FILE = TumblrTests/Info.plist;
				IPHONEOS_DEPLOYMENT_TARGET = 13.2;
				LD_RUNPATH_SEARCH_PATHS = (
					"$(inherited)",
					"@executable_path/Frameworks",
					"@loader_path/Frameworks",
				);
				PRODUCT_BUNDLE_IDENTIFIER = com.codepath.TumblrTests;
				PRODUCT_NAME = "$(TARGET_NAME)";
				SWIFT_VERSION = 5.0;
				TARGETED_DEVICE_FAMILY = "1,2";
				TEST_HOST = "$(BUILT_PRODUCTS_DIR)/Tumblr.app/Tumblr";
			};
			name = Debug;
		};
		901638F823DFA98300FED60A /* Release */ = {
			isa = XCBuildConfiguration;
			baseConfigurationReference = 508123BF6D9C8409A65D6AEF /* Pods-TumblrTests.release.xcconfig */;
			buildSettings = {
				ALWAYS_EMBED_SWIFT_STANDARD_LIBRARIES = YES;
				BUNDLE_LOADER = "$(TEST_HOST)";
				CODE_SIGN_STYLE = Automatic;
				DEVELOPMENT_TEAM = 34ZF7PZU7N;
				INFOPLIST_FILE = TumblrTests/Info.plist;
				IPHONEOS_DEPLOYMENT_TARGET = 13.2;
				LD_RUNPATH_SEARCH_PATHS = (
					"$(inherited)",
					"@executable_path/Frameworks",
					"@loader_path/Frameworks",
				);
				PRODUCT_BUNDLE_IDENTIFIER = com.codepath.TumblrTests;
				PRODUCT_NAME = "$(TARGET_NAME)";
				SWIFT_VERSION = 5.0;
				TARGETED_DEVICE_FAMILY = "1,2";
				TEST_HOST = "$(BUILT_PRODUCTS_DIR)/Tumblr.app/Tumblr";
			};
			name = Release;
		};
		901638FA23DFA98300FED60A /* Debug */ = {
			isa = XCBuildConfiguration;
			baseConfigurationReference = A60E999C7A60B6E647992025 /* Pods-Tumblr-TumblrUITests.debug.xcconfig */;
			buildSettings = {
				ALWAYS_EMBED_SWIFT_STANDARD_LIBRARIES = YES;
				CODE_SIGN_STYLE = Automatic;
				DEVELOPMENT_TEAM = 34ZF7PZU7N;
				INFOPLIST_FILE = TumblrUITests/Info.plist;
				LD_RUNPATH_SEARCH_PATHS = (
					"$(inherited)",
					"@executable_path/Frameworks",
					"@loader_path/Frameworks",
				);
				PRODUCT_BUNDLE_IDENTIFIER = com.codepath.TumblrUITests;
				PRODUCT_NAME = "$(TARGET_NAME)";
				SWIFT_VERSION = 5.0;
				TARGETED_DEVICE_FAMILY = "1,2";
				TEST_TARGET_NAME = Tumblr;
			};
			name = Debug;
		};
		901638FB23DFA98300FED60A /* Release */ = {
			isa = XCBuildConfiguration;
			baseConfigurationReference = E92FC5574FDD90002C1C730D /* Pods-Tumblr-TumblrUITests.release.xcconfig */;
			buildSettings = {
				ALWAYS_EMBED_SWIFT_STANDARD_LIBRARIES = YES;
				CODE_SIGN_STYLE = Automatic;
				DEVELOPMENT_TEAM = 34ZF7PZU7N;
				INFOPLIST_FILE = TumblrUITests/Info.plist;
				LD_RUNPATH_SEARCH_PATHS = (
					"$(inherited)",
					"@executable_path/Frameworks",
					"@loader_path/Frameworks",
				);
				PRODUCT_BUNDLE_IDENTIFIER = com.codepath.TumblrUITests;
				PRODUCT_NAME = "$(TARGET_NAME)";
				SWIFT_VERSION = 5.0;
				TARGETED_DEVICE_FAMILY = "1,2";
				TEST_TARGET_NAME = Tumblr;
			};
			name = Release;
		};
/* End XCBuildConfiguration section */

/* Begin XCConfigurationList section */
		901638C423DFA98000FED60A /* Build configuration list for PBXProject "Tumblr" */ = {
			isa = XCConfigurationList;
			buildConfigurations = (
				901638F123DFA98300FED60A /* Debug */,
				901638F223DFA98300FED60A /* Release */,
			);
			defaultConfigurationIsVisible = 0;
			defaultConfigurationName = Release;
		};
		901638F323DFA98300FED60A /* Build configuration list for PBXNativeTarget "Tumblr" */ = {
			isa = XCConfigurationList;
			buildConfigurations = (
				901638F423DFA98300FED60A /* Debug */,
				901638F523DFA98300FED60A /* Release */,
			);
			defaultConfigurationIsVisible = 0;
			defaultConfigurationName = Release;
		};
		901638F623DFA98300FED60A /* Build configuration list for PBXNativeTarget "TumblrTests" */ = {
			isa = XCConfigurationList;
			buildConfigurations = (
				901638F723DFA98300FED60A /* Debug */,
				901638F823DFA98300FED60A /* Release */,
			);
			defaultConfigurationIsVisible = 0;
			defaultConfigurationName = Release;
		};
		901638F923DFA98300FED60A /* Build configuration list for PBXNativeTarget "TumblrUITests" */ = {
			isa = XCConfigurationList;
			buildConfigurations = (
				901638FA23DFA98300FED60A /* Debug */,
				901638FB23DFA98300FED60A /* Release */,
			);
			defaultConfigurationIsVisible = 0;
			defaultConfigurationName = Release;
		};
/* End XCConfigurationList section */
	};
	rootObject = 901638C123DFA98000FED60A /* Project object */;
}
